// !$*UTF8*$!
{
	archiveVersion = 1;
	classes = {
	};
	objectVersion = 56;
	objects = {

/* Begin PBXBuildFile section */
		D1A4C7A72AA0C7BD00AA3E90 /* AppDelegate.swift in Sources */ = {isa = PBXBuildFile; fileRef = D1A4C7A62AA0C7BD00AA3E90 /* AppDelegate.swift */; };
		D1A4C7A92AA0C7BD00AA3E90 /* SceneDelegate.swift in Sources */ = {isa = PBXBuildFile; fileRef = D1A4C7A82AA0C7BD00AA3E90 /* SceneDelegate.swift */; };
		D1A4C7B02AA0C7BD00AA3E90 /* Assets.xcassets in Resources */ = {isa = PBXBuildFile; fileRef = D1A4C7AF2AA0C7BD00AA3E90 /* Assets.xcassets */; };
		D1A4C7B32AA0C7BD00AA3E90 /* LaunchScreen.storyboard in Resources */ = {isa = PBXBuildFile; fileRef = D1A4C7B12AA0C7BD00AA3E90 /* LaunchScreen.storyboard */; };
		D1A4C7BF2AA0CB2B00AA3E90 /* GoogleService-Info.plist in Resources */ = {isa = PBXBuildFile; fileRef = D1A4C7BE2AA0CB2B00AA3E90 /* GoogleService-Info.plist */; };
		D1A4C7C22AA0CBBF00AA3E90 /* FirebaseAnalytics in Frameworks */ = {isa = PBXBuildFile; productRef = D1A4C7C12AA0CBBF00AA3E90 /* FirebaseAnalytics */; };
		D1A4C7C42AA0CBBF00AA3E90 /* FirebaseAnalyticsOnDeviceConversion in Frameworks */ = {isa = PBXBuildFile; productRef = D1A4C7C32AA0CBBF00AA3E90 /* FirebaseAnalyticsOnDeviceConversion */; };
		D1A4C7C62AA0CBBF00AA3E90 /* FirebaseAnalyticsSwift in Frameworks */ = {isa = PBXBuildFile; productRef = D1A4C7C52AA0CBBF00AA3E90 /* FirebaseAnalyticsSwift */; };
		D1A4C7C82AA0CBBF00AA3E90 /* FirebaseAnalyticsWithoutAdIdSupport in Frameworks */ = {isa = PBXBuildFile; productRef = D1A4C7C72AA0CBBF00AA3E90 /* FirebaseAnalyticsWithoutAdIdSupport */; };
		D1A4C7CA2AA0CBBF00AA3E90 /* FirebaseAppCheck in Frameworks */ = {isa = PBXBuildFile; productRef = D1A4C7C92AA0CBBF00AA3E90 /* FirebaseAppCheck */; };
		D1A4C7CC2AA0CBBF00AA3E90 /* FirebaseAppDistribution-Beta in Frameworks */ = {isa = PBXBuildFile; productRef = D1A4C7CB2AA0CBBF00AA3E90 /* FirebaseAppDistribution-Beta */; };
		D1A4C7CE2AA0CBBF00AA3E90 /* FirebaseAuth in Frameworks */ = {isa = PBXBuildFile; productRef = D1A4C7CD2AA0CBBF00AA3E90 /* FirebaseAuth */; };
		D1A4C7D02AA0CBBF00AA3E90 /* FirebaseAuthCombine-Community in Frameworks */ = {isa = PBXBuildFile; productRef = D1A4C7CF2AA0CBBF00AA3E90 /* FirebaseAuthCombine-Community */; };
		D1A4C7D22AA0CBBF00AA3E90 /* FirebaseCrashlytics in Frameworks */ = {isa = PBXBuildFile; productRef = D1A4C7D12AA0CBBF00AA3E90 /* FirebaseCrashlytics */; };
		D1A4C7D42AA0CBBF00AA3E90 /* FirebaseDatabase in Frameworks */ = {isa = PBXBuildFile; productRef = D1A4C7D32AA0CBBF00AA3E90 /* FirebaseDatabase */; };
		D1A4C7D62AA0CBBF00AA3E90 /* FirebaseDatabaseSwift in Frameworks */ = {isa = PBXBuildFile; productRef = D1A4C7D52AA0CBBF00AA3E90 /* FirebaseDatabaseSwift */; };
		D1A4C7D82AA0CBBF00AA3E90 /* FirebaseDynamicLinks in Frameworks */ = {isa = PBXBuildFile; productRef = D1A4C7D72AA0CBBF00AA3E90 /* FirebaseDynamicLinks */; };
		D1A4C7DA2AA0CBBF00AA3E90 /* FirebaseFirestore in Frameworks */ = {isa = PBXBuildFile; productRef = D1A4C7D92AA0CBBF00AA3E90 /* FirebaseFirestore */; };
		D1A4C7DC2AA0CBBF00AA3E90 /* FirebaseFirestoreCombine-Community in Frameworks */ = {isa = PBXBuildFile; productRef = D1A4C7DB2AA0CBBF00AA3E90 /* FirebaseFirestoreCombine-Community */; };
		D1A4C7DE2AA0CBBF00AA3E90 /* FirebaseFirestoreSwift in Frameworks */ = {isa = PBXBuildFile; productRef = D1A4C7DD2AA0CBBF00AA3E90 /* FirebaseFirestoreSwift */; };
		D1A4C7E02AA0CBBF00AA3E90 /* FirebaseFunctions in Frameworks */ = {isa = PBXBuildFile; productRef = D1A4C7DF2AA0CBBF00AA3E90 /* FirebaseFunctions */; };
		D1A4C7E22AA0CBBF00AA3E90 /* FirebaseFunctionsCombine-Community in Frameworks */ = {isa = PBXBuildFile; productRef = D1A4C7E12AA0CBBF00AA3E90 /* FirebaseFunctionsCombine-Community */; };
		D1A4C7E42AA0CBBF00AA3E90 /* FirebaseInAppMessaging-Beta in Frameworks */ = {isa = PBXBuildFile; productRef = D1A4C7E32AA0CBBF00AA3E90 /* FirebaseInAppMessaging-Beta */; };
		D1A4C7E62AA0CBBF00AA3E90 /* FirebaseInAppMessagingSwift-Beta in Frameworks */ = {isa = PBXBuildFile; productRef = D1A4C7E52AA0CBBF00AA3E90 /* FirebaseInAppMessagingSwift-Beta */; };
		D1A4C7E82AA0CBBF00AA3E90 /* FirebaseInstallations in Frameworks */ = {isa = PBXBuildFile; productRef = D1A4C7E72AA0CBBF00AA3E90 /* FirebaseInstallations */; };
		D1A4C7EA2AA0CBBF00AA3E90 /* FirebaseMLModelDownloader in Frameworks */ = {isa = PBXBuildFile; productRef = D1A4C7E92AA0CBBF00AA3E90 /* FirebaseMLModelDownloader */; };
		D1A4C7EC2AA0CBBF00AA3E90 /* FirebaseMessaging in Frameworks */ = {isa = PBXBuildFile; productRef = D1A4C7EB2AA0CBBF00AA3E90 /* FirebaseMessaging */; };
		D1A4C7EE2AA0CBBF00AA3E90 /* FirebasePerformance in Frameworks */ = {isa = PBXBuildFile; productRef = D1A4C7ED2AA0CBBF00AA3E90 /* FirebasePerformance */; };
		D1A4C7F02AA0CBBF00AA3E90 /* FirebaseRemoteConfig in Frameworks */ = {isa = PBXBuildFile; productRef = D1A4C7EF2AA0CBBF00AA3E90 /* FirebaseRemoteConfig */; };
		D1A4C7F22AA0CBBF00AA3E90 /* FirebaseRemoteConfigSwift in Frameworks */ = {isa = PBXBuildFile; productRef = D1A4C7F12AA0CBBF00AA3E90 /* FirebaseRemoteConfigSwift */; };
		D1A4C7F42AA0CBBF00AA3E90 /* FirebaseStorage in Frameworks */ = {isa = PBXBuildFile; productRef = D1A4C7F32AA0CBBF00AA3E90 /* FirebaseStorage */; };
		D1A4C7F62AA0CBBF00AA3E90 /* FirebaseStorageCombine-Community in Frameworks */ = {isa = PBXBuildFile; productRef = D1A4C7F52AA0CBBF00AA3E90 /* FirebaseStorageCombine-Community */; };
/* End PBXBuildFile section */

/* Begin PBXFileReference section */
		D1A4C7A32AA0C7BD00AA3E90 /* ToDoApp - UIKit.app */ = {isa = PBXFileReference; explicitFileType = wrapper.application; includeInIndex = 0; path = "ToDoApp - UIKit.app"; sourceTree = BUILT_PRODUCTS_DIR; };
		D1A4C7A62AA0C7BD00AA3E90 /* AppDelegate.swift */ = {isa = PBXFileReference; lastKnownFileType = sourcecode.swift; path = AppDelegate.swift; sourceTree = "<group>"; };
		D1A4C7A82AA0C7BD00AA3E90 /* SceneDelegate.swift */ = {isa = PBXFileReference; lastKnownFileType = sourcecode.swift; path = SceneDelegate.swift; sourceTree = "<group>"; };
		D1A4C7AF2AA0C7BD00AA3E90 /* Assets.xcassets */ = {isa = PBXFileReference; lastKnownFileType = folder.assetcatalog; path = Assets.xcassets; sourceTree = "<group>"; };
		D1A4C7B22AA0C7BD00AA3E90 /* Base */ = {isa = PBXFileReference; lastKnownFileType = file.storyboard; name = Base; path = Base.lproj/LaunchScreen.storyboard; sourceTree = "<group>"; };
		D1A4C7B42AA0C7BD00AA3E90 /* Info.plist */ = {isa = PBXFileReference; lastKnownFileType = text.plist.xml; path = Info.plist; sourceTree = "<group>"; };
		D1A4C7BE2AA0CB2B00AA3E90 /* GoogleService-Info.plist */ = {isa = PBXFileReference; fileEncoding = 4; lastKnownFileType = text.plist.xml; path = "GoogleService-Info.plist"; sourceTree = "<group>"; };
/* End PBXFileReference section */

/* Begin PBXFrameworksBuildPhase section */
		D1A4C7A02AA0C7BD00AA3E90 /* Frameworks */ = {
			isa = PBXFrameworksBuildPhase;
			buildActionMask = 2147483647;
			files = (
				D1A4C7D42AA0CBBF00AA3E90 /* FirebaseDatabase in Frameworks */,
				D1A4C7E22AA0CBBF00AA3E90 /* FirebaseFunctionsCombine-Community in Frameworks */,
				D1A4C7DA2AA0CBBF00AA3E90 /* FirebaseFirestore in Frameworks */,
				D1A4C7C62AA0CBBF00AA3E90 /* FirebaseAnalyticsSwift in Frameworks */,
				D1A4C7C22AA0CBBF00AA3E90 /* FirebaseAnalytics in Frameworks */,
				D1A4C7C42AA0CBBF00AA3E90 /* FirebaseAnalyticsOnDeviceConversion in Frameworks */,
				D1A4C7EA2AA0CBBF00AA3E90 /* FirebaseMLModelDownloader in Frameworks */,
				D1A4C7DE2AA0CBBF00AA3E90 /* FirebaseFirestoreSwift in Frameworks */,
				D1A4C7CA2AA0CBBF00AA3E90 /* FirebaseAppCheck in Frameworks */,
				D1A4C7C82AA0CBBF00AA3E90 /* FirebaseAnalyticsWithoutAdIdSupport in Frameworks */,
				D1A4C7CE2AA0CBBF00AA3E90 /* FirebaseAuth in Frameworks */,
				D1A4C7D22AA0CBBF00AA3E90 /* FirebaseCrashlytics in Frameworks */,
				D1A4C7F22AA0CBBF00AA3E90 /* FirebaseRemoteConfigSwift in Frameworks */,
				D1A4C7E42AA0CBBF00AA3E90 /* FirebaseInAppMessaging-Beta in Frameworks */,
				D1A4C7D62AA0CBBF00AA3E90 /* FirebaseDatabaseSwift in Frameworks */,
				D1A4C7E02AA0CBBF00AA3E90 /* FirebaseFunctions in Frameworks */,
				D1A4C7F62AA0CBBF00AA3E90 /* FirebaseStorageCombine-Community in Frameworks */,
				D1A4C7F02AA0CBBF00AA3E90 /* FirebaseRemoteConfig in Frameworks */,
				D1A4C7CC2AA0CBBF00AA3E90 /* FirebaseAppDistribution-Beta in Frameworks */,
				D1A4C7D02AA0CBBF00AA3E90 /* FirebaseAuthCombine-Community in Frameworks */,
				D1A4C7EE2AA0CBBF00AA3E90 /* FirebasePerformance in Frameworks */,
				D1A4C7E62AA0CBBF00AA3E90 /* FirebaseInAppMessagingSwift-Beta in Frameworks */,
				D1A4C7F42AA0CBBF00AA3E90 /* FirebaseStorage in Frameworks */,
				D1A4C7D82AA0CBBF00AA3E90 /* FirebaseDynamicLinks in Frameworks */,
				D1A4C7DC2AA0CBBF00AA3E90 /* FirebaseFirestoreCombine-Community in Frameworks */,
				D1A4C7EC2AA0CBBF00AA3E90 /* FirebaseMessaging in Frameworks */,
				D1A4C7E82AA0CBBF00AA3E90 /* FirebaseInstallations in Frameworks */,
			);
			runOnlyForDeploymentPostprocessing = 0;
		};
/* End PBXFrameworksBuildPhase section */

/* Begin PBXGroup section */
		D1A4C79A2AA0C7BC00AA3E90 = {
			isa = PBXGroup;
			children = (
				D1A4C7A52AA0C7BD00AA3E90 /* ToDoApp - UIKit */,
				D1A4C7A42AA0C7BD00AA3E90 /* Products */,
			);
			sourceTree = "<group>";
		};
		D1A4C7A42AA0C7BD00AA3E90 /* Products */ = {
			isa = PBXGroup;
			children = (
				D1A4C7A32AA0C7BD00AA3E90 /* ToDoApp - UIKit.app */,
			);
			name = Products;
			sourceTree = "<group>";
		};
		D1A4C7A52AA0C7BD00AA3E90 /* ToDoApp - UIKit */ = {
			isa = PBXGroup;
			children = (
				D1A4C7BB2AA0C97800AA3E90 /* Startup */,
				D1A4C7BA2AA0C97200AA3E90 /* UI */,
				D1A4C7AF2AA0C7BD00AA3E90 /* Assets.xcassets */,
				D1A4C7B42AA0C7BD00AA3E90 /* Info.plist */,
				D1A4C7BE2AA0CB2B00AA3E90 /* GoogleService-Info.plist */,
			);
			path = "ToDoApp - UIKit";
			sourceTree = "<group>";
		};
		D1A4C7BA2AA0C97200AA3E90 /* UI */ = {
			isa = PBXGroup;
			children = (
			);
			path = UI;
			sourceTree = "<group>";
		};
		D1A4C7BB2AA0C97800AA3E90 /* Startup */ = {
			isa = PBXGroup;
			children = (
				D1A4C7A62AA0C7BD00AA3E90 /* AppDelegate.swift */,
				D1A4C7A82AA0C7BD00AA3E90 /* SceneDelegate.swift */,
				D1A4C7B12AA0C7BD00AA3E90 /* LaunchScreen.storyboard */,
			);
			path = Startup;
			sourceTree = "<group>";
		};
/* End PBXGroup section */

/* Begin PBXNativeTarget section */
		D1A4C7A22AA0C7BD00AA3E90 /* ToDoApp - UIKit */ = {
			isa = PBXNativeTarget;
			buildConfigurationList = D1A4C7B72AA0C7BD00AA3E90 /* Build configuration list for PBXNativeTarget "ToDoApp - UIKit" */;
			buildPhases = (
				D1A4C79F2AA0C7BD00AA3E90 /* Sources */,
				D1A4C7A02AA0C7BD00AA3E90 /* Frameworks */,
				D1A4C7A12AA0C7BD00AA3E90 /* Resources */,
			);
			buildRules = (
			);
			dependencies = (
			);
			name = "ToDoApp - UIKit";
			packageProductDependencies = (
				D1A4C7C12AA0CBBF00AA3E90 /* FirebaseAnalytics */,
				D1A4C7C32AA0CBBF00AA3E90 /* FirebaseAnalyticsOnDeviceConversion */,
				D1A4C7C52AA0CBBF00AA3E90 /* FirebaseAnalyticsSwift */,
				D1A4C7C72AA0CBBF00AA3E90 /* FirebaseAnalyticsWithoutAdIdSupport */,
				D1A4C7C92AA0CBBF00AA3E90 /* FirebaseAppCheck */,
				D1A4C7CB2AA0CBBF00AA3E90 /* FirebaseAppDistribution-Beta */,
				D1A4C7CD2AA0CBBF00AA3E90 /* FirebaseAuth */,
				D1A4C7CF2AA0CBBF00AA3E90 /* FirebaseAuthCombine-Community */,
				D1A4C7D12AA0CBBF00AA3E90 /* FirebaseCrashlytics */,
				D1A4C7D32AA0CBBF00AA3E90 /* FirebaseDatabase */,
				D1A4C7D52AA0CBBF00AA3E90 /* FirebaseDatabaseSwift */,
				D1A4C7D72AA0CBBF00AA3E90 /* FirebaseDynamicLinks */,
				D1A4C7D92AA0CBBF00AA3E90 /* FirebaseFirestore */,
				D1A4C7DB2AA0CBBF00AA3E90 /* FirebaseFirestoreCombine-Community */,
				D1A4C7DD2AA0CBBF00AA3E90 /* FirebaseFirestoreSwift */,
				D1A4C7DF2AA0CBBF00AA3E90 /* FirebaseFunctions */,
				D1A4C7E12AA0CBBF00AA3E90 /* FirebaseFunctionsCombine-Community */,
				D1A4C7E32AA0CBBF00AA3E90 /* FirebaseInAppMessaging-Beta */,
				D1A4C7E52AA0CBBF00AA3E90 /* FirebaseInAppMessagingSwift-Beta */,
				D1A4C7E72AA0CBBF00AA3E90 /* FirebaseInstallations */,
				D1A4C7E92AA0CBBF00AA3E90 /* FirebaseMLModelDownloader */,
				D1A4C7EB2AA0CBBF00AA3E90 /* FirebaseMessaging */,
				D1A4C7ED2AA0CBBF00AA3E90 /* FirebasePerformance */,
				D1A4C7EF2AA0CBBF00AA3E90 /* FirebaseRemoteConfig */,
				D1A4C7F12AA0CBBF00AA3E90 /* FirebaseRemoteConfigSwift */,
				D1A4C7F32AA0CBBF00AA3E90 /* FirebaseStorage */,
				D1A4C7F52AA0CBBF00AA3E90 /* FirebaseStorageCombine-Community */,
			);
			productName = "ToDoApp - UIKit";
			productReference = D1A4C7A32AA0C7BD00AA3E90 /* ToDoApp - UIKit.app */;
			productType = "com.apple.product-type.application";
		};
/* End PBXNativeTarget section */

/* Begin PBXProject section */
		D1A4C79B2AA0C7BC00AA3E90 /* Project object */ = {
			isa = PBXProject;
			attributes = {
				BuildIndependentTargetsInParallel = 1;
				LastSwiftUpdateCheck = 1430;
				LastUpgradeCheck = 1430;
				TargetAttributes = {
					D1A4C7A22AA0C7BD00AA3E90 = {
						CreatedOnToolsVersion = 14.3.1;
					};
				};
			};
			buildConfigurationList = D1A4C79E2AA0C7BC00AA3E90 /* Build configuration list for PBXProject "ToDoApp - UIKit" */;
			compatibilityVersion = "Xcode 14.0";
			developmentRegion = en;
			hasScannedForEncodings = 0;
			knownRegions = (
				en,
				Base,
			);
			mainGroup = D1A4C79A2AA0C7BC00AA3E90;
			packageReferences = (
				D1A4C7C02AA0CBBF00AA3E90 /* XCRemoteSwiftPackageReference "firebase-ios-sdk" */,
			);
			productRefGroup = D1A4C7A42AA0C7BD00AA3E90 /* Products */;
			projectDirPath = "";
			projectRoot = "";
			targets = (
				D1A4C7A22AA0C7BD00AA3E90 /* ToDoApp - UIKit */,
			);
		};
/* End PBXProject section */

/* Begin PBXResourcesBuildPhase section */
		D1A4C7A12AA0C7BD00AA3E90 /* Resources */ = {
			isa = PBXResourcesBuildPhase;
			buildActionMask = 2147483647;
			files = (
				D1A4C7B32AA0C7BD00AA3E90 /* LaunchScreen.storyboard in Resources */,
				D1A4C7B02AA0C7BD00AA3E90 /* Assets.xcassets in Resources */,
				D1A4C7BF2AA0CB2B00AA3E90 /* GoogleService-Info.plist in Resources */,
			);
			runOnlyForDeploymentPostprocessing = 0;
		};
/* End PBXResourcesBuildPhase section */

/* Begin PBXSourcesBuildPhase section */
		D1A4C79F2AA0C7BD00AA3E90 /* Sources */ = {
			isa = PBXSourcesBuildPhase;
			buildActionMask = 2147483647;
			files = (
				D1A4C7A72AA0C7BD00AA3E90 /* AppDelegate.swift in Sources */,
				D1A4C7A92AA0C7BD00AA3E90 /* SceneDelegate.swift in Sources */,
			);
			runOnlyForDeploymentPostprocessing = 0;
		};
/* End PBXSourcesBuildPhase section */

/* Begin PBXVariantGroup section */
		D1A4C7B12AA0C7BD00AA3E90 /* LaunchScreen.storyboard */ = {
			isa = PBXVariantGroup;
			children = (
				D1A4C7B22AA0C7BD00AA3E90 /* Base */,
			);
			name = LaunchScreen.storyboard;
			sourceTree = "<group>";
		};
/* End PBXVariantGroup section */

/* Begin XCBuildConfiguration section */
		D1A4C7B52AA0C7BD00AA3E90 /* Debug */ = {
			isa = XCBuildConfiguration;
			buildSettings = {
				ALWAYS_SEARCH_USER_PATHS = NO;
				CLANG_ANALYZER_NONNULL = YES;
				CLANG_ANALYZER_NUMBER_OBJECT_CONVERSION = YES_AGGRESSIVE;
				CLANG_CXX_LANGUAGE_STANDARD = "gnu++20";
				CLANG_ENABLE_MODULES = YES;
				CLANG_ENABLE_OBJC_ARC = YES;
				CLANG_ENABLE_OBJC_WEAK = YES;
				CLANG_WARN_BLOCK_CAPTURE_AUTORELEASING = YES;
				CLANG_WARN_BOOL_CONVERSION = YES;
				CLANG_WARN_COMMA = YES;
				CLANG_WARN_CONSTANT_CONVERSION = YES;
				CLANG_WARN_DEPRECATED_OBJC_IMPLEMENTATIONS = YES;
				CLANG_WARN_DIRECT_OBJC_ISA_USAGE = YES_ERROR;
				CLANG_WARN_DOCUMENTATION_COMMENTS = YES;
				CLANG_WARN_EMPTY_BODY = YES;
				CLANG_WARN_ENUM_CONVERSION = YES;
				CLANG_WARN_INFINITE_RECURSION = YES;
				CLANG_WARN_INT_CONVERSION = YES;
				CLANG_WARN_NON_LITERAL_NULL_CONVERSION = YES;
				CLANG_WARN_OBJC_IMPLICIT_RETAIN_SELF = YES;
				CLANG_WARN_OBJC_LITERAL_CONVERSION = YES;
				CLANG_WARN_OBJC_ROOT_CLASS = YES_ERROR;
				CLANG_WARN_QUOTED_INCLUDE_IN_FRAMEWORK_HEADER = YES;
				CLANG_WARN_RANGE_LOOP_ANALYSIS = YES;
				CLANG_WARN_STRICT_PROTOTYPES = YES;
				CLANG_WARN_SUSPICIOUS_MOVE = YES;
				CLANG_WARN_UNGUARDED_AVAILABILITY = YES_AGGRESSIVE;
				CLANG_WARN_UNREACHABLE_CODE = YES;
				CLANG_WARN__DUPLICATE_METHOD_MATCH = YES;
				COPY_PHASE_STRIP = NO;
				DEBUG_INFORMATION_FORMAT = dwarf;
				ENABLE_STRICT_OBJC_MSGSEND = YES;
				ENABLE_TESTABILITY = YES;
				GCC_C_LANGUAGE_STANDARD = gnu11;
				GCC_DYNAMIC_NO_PIC = NO;
				GCC_NO_COMMON_BLOCKS = YES;
				GCC_OPTIMIZATION_LEVEL = 0;
				GCC_PREPROCESSOR_DEFINITIONS = (
					"DEBUG=1",
					"$(inherited)",
				);
				GCC_WARN_64_TO_32_BIT_CONVERSION = YES;
				GCC_WARN_ABOUT_RETURN_TYPE = YES_ERROR;
				GCC_WARN_UNDECLARED_SELECTOR = YES;
				GCC_WARN_UNINITIALIZED_AUTOS = YES_AGGRESSIVE;
				GCC_WARN_UNUSED_FUNCTION = YES;
				GCC_WARN_UNUSED_VARIABLE = YES;
				IPHONEOS_DEPLOYMENT_TARGET = 16.4;
				MTL_ENABLE_DEBUG_INFO = INCLUDE_SOURCE;
				MTL_FAST_MATH = YES;
				ONLY_ACTIVE_ARCH = YES;
				SDKROOT = iphoneos;
				SWIFT_ACTIVE_COMPILATION_CONDITIONS = DEBUG;
				SWIFT_OPTIMIZATION_LEVEL = "-Onone";
			};
			name = Debug;
		};
		D1A4C7B62AA0C7BD00AA3E90 /* Release */ = {
			isa = XCBuildConfiguration;
			buildSettings = {
				ALWAYS_SEARCH_USER_PATHS = NO;
				CLANG_ANALYZER_NONNULL = YES;
				CLANG_ANALYZER_NUMBER_OBJECT_CONVERSION = YES_AGGRESSIVE;
				CLANG_CXX_LANGUAGE_STANDARD = "gnu++20";
				CLANG_ENABLE_MODULES = YES;
				CLANG_ENABLE_OBJC_ARC = YES;
				CLANG_ENABLE_OBJC_WEAK = YES;
				CLANG_WARN_BLOCK_CAPTURE_AUTORELEASING = YES;
				CLANG_WARN_BOOL_CONVERSION = YES;
				CLANG_WARN_COMMA = YES;
				CLANG_WARN_CONSTANT_CONVERSION = YES;
				CLANG_WARN_DEPRECATED_OBJC_IMPLEMENTATIONS = YES;
				CLANG_WARN_DIRECT_OBJC_ISA_USAGE = YES_ERROR;
				CLANG_WARN_DOCUMENTATION_COMMENTS = YES;
				CLANG_WARN_EMPTY_BODY = YES;
				CLANG_WARN_ENUM_CONVERSION = YES;
				CLANG_WARN_INFINITE_RECURSION = YES;
				CLANG_WARN_INT_CONVERSION = YES;
				CLANG_WARN_NON_LITERAL_NULL_CONVERSION = YES;
				CLANG_WARN_OBJC_IMPLICIT_RETAIN_SELF = YES;
				CLANG_WARN_OBJC_LITERAL_CONVERSION = YES;
				CLANG_WARN_OBJC_ROOT_CLASS = YES_ERROR;
				CLANG_WARN_QUOTED_INCLUDE_IN_FRAMEWORK_HEADER = YES;
				CLANG_WARN_RANGE_LOOP_ANALYSIS = YES;
				CLANG_WARN_STRICT_PROTOTYPES = YES;
				CLANG_WARN_SUSPICIOUS_MOVE = YES;
				CLANG_WARN_UNGUARDED_AVAILABILITY = YES_AGGRESSIVE;
				CLANG_WARN_UNREACHABLE_CODE = YES;
				CLANG_WARN__DUPLICATE_METHOD_MATCH = YES;
				COPY_PHASE_STRIP = NO;
				DEBUG_INFORMATION_FORMAT = "dwarf-with-dsym";
				ENABLE_NS_ASSERTIONS = NO;
				ENABLE_STRICT_OBJC_MSGSEND = YES;
				GCC_C_LANGUAGE_STANDARD = gnu11;
				GCC_NO_COMMON_BLOCKS = YES;
				GCC_WARN_64_TO_32_BIT_CONVERSION = YES;
				GCC_WARN_ABOUT_RETURN_TYPE = YES_ERROR;
				GCC_WARN_UNDECLARED_SELECTOR = YES;
				GCC_WARN_UNINITIALIZED_AUTOS = YES_AGGRESSIVE;
				GCC_WARN_UNUSED_FUNCTION = YES;
				GCC_WARN_UNUSED_VARIABLE = YES;
				IPHONEOS_DEPLOYMENT_TARGET = 16.4;
				MTL_ENABLE_DEBUG_INFO = NO;
				MTL_FAST_MATH = YES;
				SDKROOT = iphoneos;
				SWIFT_COMPILATION_MODE = wholemodule;
				SWIFT_OPTIMIZATION_LEVEL = "-O";
				VALIDATE_PRODUCT = YES;
			};
			name = Release;
		};
		D1A4C7B82AA0C7BD00AA3E90 /* Debug */ = {
			isa = XCBuildConfiguration;
			buildSettings = {
				ASSETCATALOG_COMPILER_APPICON_NAME = AppIcon;
				ASSETCATALOG_COMPILER_GLOBAL_ACCENT_COLOR_NAME = AccentColor;
				CODE_SIGN_STYLE = Automatic;
				CURRENT_PROJECT_VERSION = 1;
				DEVELOPMENT_TEAM = KM6M489FBH;
				GENERATE_INFOPLIST_FILE = YES;
				INFOPLIST_FILE = "ToDoApp - UIKit/Info.plist";
				INFOPLIST_KEY_UIApplicationSupportsIndirectInputEvents = YES;
				INFOPLIST_KEY_UILaunchStoryboardName = LaunchScreen;
				INFOPLIST_KEY_UISupportedInterfaceOrientations_iPad = "UIInterfaceOrientationPortrait UIInterfaceOrientationPortraitUpsideDown UIInterfaceOrientationLandscapeLeft UIInterfaceOrientationLandscapeRight";
				INFOPLIST_KEY_UISupportedInterfaceOrientations_iPhone = "UIInterfaceOrientationPortrait UIInterfaceOrientationLandscapeLeft UIInterfaceOrientationLandscapeRight";
				LD_RUNPATH_SEARCH_PATHS = (
					"$(inherited)",
					"@executable_path/Frameworks",
				);
				MARKETING_VERSION = 1.0;
				PRODUCT_BUNDLE_IDENTIFIER = "con.LukaPodrug.ToDoApp---UIKit";
				PRODUCT_NAME = "$(TARGET_NAME)";
				SWIFT_EMIT_LOC_STRINGS = YES;
				SWIFT_VERSION = 5.0;
				TARGETED_DEVICE_FAMILY = "1,2";
			};
			name = Debug;
		};
		D1A4C7B92AA0C7BD00AA3E90 /* Release */ = {
			isa = XCBuildConfiguration;
			buildSettings = {
				ASSETCATALOG_COMPILER_APPICON_NAME = AppIcon;
				ASSETCATALOG_COMPILER_GLOBAL_ACCENT_COLOR_NAME = AccentColor;
				CODE_SIGN_STYLE = Automatic;
				CURRENT_PROJECT_VERSION = 1;
				DEVELOPMENT_TEAM = KM6M489FBH;
				GENERATE_INFOPLIST_FILE = YES;
				INFOPLIST_FILE = "ToDoApp - UIKit/Info.plist";
				INFOPLIST_KEY_UIApplicationSupportsIndirectInputEvents = YES;
				INFOPLIST_KEY_UILaunchStoryboardName = LaunchScreen;
				INFOPLIST_KEY_UISupportedInterfaceOrientations_iPad = "UIInterfaceOrientationPortrait UIInterfaceOrientationPortraitUpsideDown UIInterfaceOrientationLandscapeLeft UIInterfaceOrientationLandscapeRight";
				INFOPLIST_KEY_UISupportedInterfaceOrientations_iPhone = "UIInterfaceOrientationPortrait UIInterfaceOrientationLandscapeLeft UIInterfaceOrientationLandscapeRight";
				LD_RUNPATH_SEARCH_PATHS = (
					"$(inherited)",
					"@executable_path/Frameworks",
				);
				MARKETING_VERSION = 1.0;
				PRODUCT_BUNDLE_IDENTIFIER = "con.LukaPodrug.ToDoApp---UIKit";
				PRODUCT_NAME = "$(TARGET_NAME)";
				SWIFT_EMIT_LOC_STRINGS = YES;
				SWIFT_VERSION = 5.0;
				TARGETED_DEVICE_FAMILY = "1,2";
			};
			name = Release;
		};
/* End XCBuildConfiguration section */

/* Begin XCConfigurationList section */
		D1A4C79E2AA0C7BC00AA3E90 /* Build configuration list for PBXProject "ToDoApp - UIKit" */ = {
			isa = XCConfigurationList;
			buildConfigurations = (
				D1A4C7B52AA0C7BD00AA3E90 /* Debug */,
				D1A4C7B62AA0C7BD00AA3E90 /* Release */,
			);
			defaultConfigurationIsVisible = 0;
			defaultConfigurationName = Release;
		};
		D1A4C7B72AA0C7BD00AA3E90 /* Build configuration list for PBXNativeTarget "ToDoApp - UIKit" */ = {
			isa = XCConfigurationList;
			buildConfigurations = (
				D1A4C7B82AA0C7BD00AA3E90 /* Debug */,
				D1A4C7B92AA0C7BD00AA3E90 /* Release */,
			);
			defaultConfigurationIsVisible = 0;
			defaultConfigurationName = Release;
		};
/* End XCConfigurationList section */

/* Begin XCRemoteSwiftPackageReference section */
		D1A4C7C02AA0CBBF00AA3E90 /* XCRemoteSwiftPackageReference "firebase-ios-sdk" */ = {
			isa = XCRemoteSwiftPackageReference;
			repositoryURL = "https://github.com/firebase/firebase-ios-sdk";
			requirement = {
				kind = upToNextMajorVersion;
				minimumVersion = 10.0.0;
			};
		};
/* End XCRemoteSwiftPackageReference section */

/* Begin XCSwiftPackageProductDependency section */
		D1A4C7C12AA0CBBF00AA3E90 /* FirebaseAnalytics */ = {
			isa = XCSwiftPackageProductDependency;
			package = D1A4C7C02AA0CBBF00AA3E90 /* XCRemoteSwiftPackageReference "firebase-ios-sdk" */;
			productName = FirebaseAnalytics;
		};
		D1A4C7C32AA0CBBF00AA3E90 /* FirebaseAnalyticsOnDeviceConversion */ = {
			isa = XCSwiftPackageProductDependency;
			package = D1A4C7C02AA0CBBF00AA3E90 /* XCRemoteSwiftPackageReference "firebase-ios-sdk" */;
			productName = FirebaseAnalyticsOnDeviceConversion;
		};
		D1A4C7C52AA0CBBF00AA3E90 /* FirebaseAnalyticsSwift */ = {
			isa = XCSwiftPackageProductDependency;
			package = D1A4C7C02AA0CBBF00AA3E90 /* XCRemoteSwiftPackageReference "firebase-ios-sdk" */;
			productName = FirebaseAnalyticsSwift;
		};
		D1A4C7C72AA0CBBF00AA3E90 /* FirebaseAnalyticsWithoutAdIdSupport */ = {
			isa = XCSwiftPackageProductDependency;
			package = D1A4C7C02AA0CBBF00AA3E90 /* XCRemoteSwiftPackageReference "firebase-ios-sdk" */;
			productName = FirebaseAnalyticsWithoutAdIdSupport;
		};
		D1A4C7C92AA0CBBF00AA3E90 /* FirebaseAppCheck */ = {
			isa = XCSwiftPackageProductDependency;
			package = D1A4C7C02AA0CBBF00AA3E90 /* XCRemoteSwiftPackageReference "firebase-ios-sdk" */;
			productName = FirebaseAppCheck;
		};
		D1A4C7CB2AA0CBBF00AA3E90 /* FirebaseAppDistribution-Beta */ = {
			isa = XCSwiftPackageProductDependency;
			package = D1A4C7C02AA0CBBF00AA3E90 /* XCRemoteSwiftPackageReference "firebase-ios-sdk" */;
			productName = "FirebaseAppDistribution-Beta";
		};
		D1A4C7CD2AA0CBBF00AA3E90 /* FirebaseAuth */ = {
			isa = XCSwiftPackageProductDependency;
			package = D1A4C7C02AA0CBBF00AA3E90 /* XCRemoteSwiftPackageReference "firebase-ios-sdk" */;
			productName = FirebaseAuth;
		};
		D1A4C7CF2AA0CBBF00AA3E90 /* FirebaseAuthCombine-Community */ = {
			isa = XCSwiftPackageProductDependency;
			package = D1A4C7C02AA0CBBF00AA3E90 /* XCRemoteSwiftPackageReference "firebase-ios-sdk" */;
			productName = "FirebaseAuthCombine-Community";
		};
		D1A4C7D12AA0CBBF00AA3E90 /* FirebaseCrashlytics */ = {
			isa = XCSwiftPackageProductDependency;
			package = D1A4C7C02AA0CBBF00AA3E90 /* XCRemoteSwiftPackageReference "firebase-ios-sdk" */;
			productName = FirebaseCrashlytics;
		};
		D1A4C7D32AA0CBBF00AA3E90 /* FirebaseDatabase */ = {
			isa = XCSwiftPackageProductDependency;
			package = D1A4C7C02AA0CBBF00AA3E90 /* XCRemoteSwiftPackageReference "firebase-ios-sdk" */;
			productName = FirebaseDatabase;
		};
		D1A4C7D52AA0CBBF00AA3E90 /* FirebaseDatabaseSwift */ = {
			isa = XCSwiftPackageProductDependency;
			package = D1A4C7C02AA0CBBF00AA3E90 /* XCRemoteSwiftPackageReference "firebase-ios-sdk" */;
			productName = FirebaseDatabaseSwift;
		};
		D1A4C7D72AA0CBBF00AA3E90 /* FirebaseDynamicLinks */ = {
			isa = XCSwiftPackageProductDependency;
			package = D1A4C7C02AA0CBBF00AA3E90 /* XCRemoteSwiftPackageReference "firebase-ios-sdk" */;
			productName = FirebaseDynamicLinks;
		};
		D1A4C7D92AA0CBBF00AA3E90 /* FirebaseFirestore */ = {
			isa = XCSwiftPackageProductDependency;
			package = D1A4C7C02AA0CBBF00AA3E90 /* XCRemoteSwiftPackageReference "firebase-ios-sdk" */;
			productName = FirebaseFirestore;
		};
		D1A4C7DB2AA0CBBF00AA3E90 /* FirebaseFirestoreCombine-Community */ = {
			isa = XCSwiftPackageProductDependency;
			package = D1A4C7C02AA0CBBF00AA3E90 /* XCRemoteSwiftPackageReference "firebase-ios-sdk" */;
			productName = "FirebaseFirestoreCombine-Community";
		};
		D1A4C7DD2AA0CBBF00AA3E90 /* FirebaseFirestoreSwift */ = {
			isa = XCSwiftPackageProductDependency;
			package = D1A4C7C02AA0CBBF00AA3E90 /* XCRemoteSwiftPackageReference "firebase-ios-sdk" */;
			productName = FirebaseFirestoreSwift;
		};
		D1A4C7DF2AA0CBBF00AA3E90 /* FirebaseFunctions */ = {
			isa = XCSwiftPackageProductDependency;
			package = D1A4C7C02AA0CBBF00AA3E90 /* XCRemoteSwiftPackageReference "firebase-ios-sdk" */;
			productName = FirebaseFunctions;
		};
		D1A4C7E12AA0CBBF00AA3E90 /* FirebaseFunctionsCombine-Community */ = {
			isa = XCSwiftPackageProductDependency;
			package = D1A4C7C02AA0CBBF00AA3E90 /* XCRemoteSwiftPackageReference "firebase-ios-sdk" */;
			productName = "FirebaseFunctionsCombine-Community";
		};
		D1A4C7E32AA0CBBF00AA3E90 /* FirebaseInAppMessaging-Beta */ = {
			isa = XCSwiftPackageProductDependency;
			package = D1A4C7C02AA0CBBF00AA3E90 /* XCRemoteSwiftPackageReference "firebase-ios-sdk" */;
			productName = "FirebaseInAppMessaging-Beta";
		};
		D1A4C7E52AA0CBBF00AA3E90 /* FirebaseInAppMessagingSwift-Beta */ = {
			isa = XCSwiftPackageProductDependency;
			package = D1A4C7C02AA0CBBF00AA3E90 /* XCRemoteSwiftPackageReference "firebase-ios-sdk" */;
			productName = "FirebaseInAppMessagingSwift-Beta";
		};
		D1A4C7E72AA0CBBF00AA3E90 /* FirebaseInstallations */ = {
			isa = XCSwiftPackageProductDependency;
			package = D1A4C7C02AA0CBBF00AA3E90 /* XCRemoteSwiftPackageReference "firebase-ios-sdk" */;
			productName = FirebaseInstallations;
		};
		D1A4C7E92AA0CBBF00AA3E90 /* FirebaseMLModelDownloader */ = {
			isa = XCSwiftPackageProductDependency;
			package = D1A4C7C02AA0CBBF00AA3E90 /* XCRemoteSwiftPackageReference "firebase-ios-sdk" */;
			productName = FirebaseMLModelDownloader;
		};
		D1A4C7EB2AA0CBBF00AA3E90 /* FirebaseMessaging */ = {
			isa = XCSwiftPackageProductDependency;
			package = D1A4C7C02AA0CBBF00AA3E90 /* XCRemoteSwiftPackageReference "firebase-ios-sdk" */;
			productName = FirebaseMessaging;
		};
		D1A4C7ED2AA0CBBF00AA3E90 /* FirebasePerformance */ = {
			isa = XCSwiftPackageProductDependency;
			package = D1A4C7C02AA0CBBF00AA3E90 /* XCRemoteSwiftPackageReference "firebase-ios-sdk" */;
			productName = FirebasePerformance;
		};
		D1A4C7EF2AA0CBBF00AA3E90 /* FirebaseRemoteConfig */ = {
			isa = XCSwiftPackageProductDependency;
			package = D1A4C7C02AA0CBBF00AA3E90 /* XCRemoteSwiftPackageReference "firebase-ios-sdk" */;
			productName = FirebaseRemoteConfig;
		};
		D1A4C7F12AA0CBBF00AA3E90 /* FirebaseRemoteConfigSwift */ = {
			isa = XCSwiftPackageProductDependency;
			package = D1A4C7C02AA0CBBF00AA3E90 /* XCRemoteSwiftPackageReference "firebase-ios-sdk" */;
			productName = FirebaseRemoteConfigSwift;
		};
		D1A4C7F32AA0CBBF00AA3E90 /* FirebaseStorage */ = {
			isa = XCSwiftPackageProductDependency;
			package = D1A4C7C02AA0CBBF00AA3E90 /* XCRemoteSwiftPackageReference "firebase-ios-sdk" */;
			productName = FirebaseStorage;
		};
		D1A4C7F52AA0CBBF00AA3E90 /* FirebaseStorageCombine-Community */ = {
			isa = XCSwiftPackageProductDependency;
			package = D1A4C7C02AA0CBBF00AA3E90 /* XCRemoteSwiftPackageReference "firebase-ios-sdk" */;
			productName = "FirebaseStorageCombine-Community";
		};
/* End XCSwiftPackageProductDependency section */
	};
	rootObject = D1A4C79B2AA0C7BC00AA3E90 /* Project object */;
}
